
Microsoft Visual Studio Solution File, Format Version 12.00
# Visual Studio Version 16
VisualStudioVersion = 16.0.29709.97
MinimumVisualStudioVersion = 10.0.40219.1
Project("{FAE04EC0-301F-11D3-BF4B-00C04F79EFBC}") = "TreasureHunt", "TreasureHunt\TreasureHunt.csproj", "{A32B140E-9F0D-4F2E-85C4-EF7D06B22134}"
EndProject
Global
	GlobalSection(SolutionConfigurationPlatforms) = preSolution
		Debug|Any CPU = Debug|Any CPU
		Release|Any CPU = Release|Any CPU
	EndGlobalSection
	GlobalSection(ProjectConfigurationPlatforms) = postSolution
		{A32B140E-9F0D-4F2E-85C4-EF7D06B22134}.Debug|Any CPU.ActiveCfg = Debug|Any CPU
		{A32B140E-9F0D-4F2E-85C4-EF7D06B22134}.Debug|Any CPU.Build.0 = Debug|Any CPU
		{A32B140E-9F0D-4F2E-85C4-EF7D06B22134}.Release|Any CPU.ActiveCfg = Release|Any CPU
		{A32B140E-9F0D-4F2E-85C4-EF7D06B22134}.Release|Any CPU.Build.0 = Release|Any CPU
	EndGlobalSection
	GlobalSection(SolutionProperties) = preSolution
		HideSolutionNode = FALSE
	EndGlobalSection
	GlobalSection(ExtensibilityGlobals) = postSolution
		SolutionGuid = {56267A9E-8B86-4C98-94C1-547268201ABD}
	EndGlobalSection
EndGlobal
